// !$*UTF8*$!
{
	archiveVersion = 1;
	classes = {
	};
	objectVersion = 46;
	objects = {

/* Begin PBXBuildFile section */
		06CD97D619F9593300CA138B /* Foundation.framework in Frameworks */ = {isa = PBXBuildFile; fileRef = 06CD97D519F9593300CA138B /* Foundation.framework */; };
		06CD97D819F9593300CA138B /* CoreGraphics.framework in Frameworks */ = {isa = PBXBuildFile; fileRef = 06CD97D719F9593300CA138B /* CoreGraphics.framework */; };
		06CD97DA19F9593300CA138B /* UIKit.framework in Frameworks */ = {isa = PBXBuildFile; fileRef = 06CD97D919F9593300CA138B /* UIKit.framework */; };
		06CD97E019F9593300CA138B /* InfoPlist.strings in Resources */ = {isa = PBXBuildFile; fileRef = 06CD97DE19F9593300CA138B /* InfoPlist.strings */; };
		06CD97EE19F9593300CA138B /* Images.xcassets in Resources */ = {isa = PBXBuildFile; fileRef = 06CD97ED19F9593300CA138B /* Images.xcassets */; };
		06CD97F519F9593400CA138B /* XCTest.framework in Frameworks */ = {isa = PBXBuildFile; fileRef = 06CD97F419F9593400CA138B /* XCTest.framework */; };
		06CD97F619F9593400CA138B /* Foundation.framework in Frameworks */ = {isa = PBXBuildFile; fileRef = 06CD97D519F9593300CA138B /* Foundation.framework */; };
		06CD97F719F9593400CA138B /* UIKit.framework in Frameworks */ = {isa = PBXBuildFile; fileRef = 06CD97D919F9593300CA138B /* UIKit.framework */; };
		06CD97FF19F9593400CA138B /* InfoPlist.strings in Resources */ = {isa = PBXBuildFile; fileRef = 06CD97FD19F9593400CA138B /* InfoPlist.strings */; };
		06CD980119F9593400CA138B /* SnapCreamTests.m in Sources */ = {isa = PBXBuildFile; fileRef = 06CD980019F9593400CA138B /* SnapCreamTests.m */; };
		06CD982C19F95AAE00CA138B /* camera2.png in Resources */ = {isa = PBXBuildFile; fileRef = 06CD982319F95AAE00CA138B /* camera2.png */; };
		06CD983119F95AAE00CA138B /* camera@2x.png in Resources */ = {isa = PBXBuildFile; fileRef = 06CD982819F95AAE00CA138B /* camera@2x.png */; };
		06CD983D19F95B9200CA138B /* MediaPlayer.framework in Frameworks */ = {isa = PBXBuildFile; fileRef = 06CD983C19F95B9200CA138B /* MediaPlayer.framework */; };
		06CD983F19F95B9E00CA138B /* SystemConfiguration.framework in Frameworks */ = {isa = PBXBuildFile; fileRef = 06CD983E19F95B9E00CA138B /* SystemConfiguration.framework */; };
		06CD984119F95BB000CA138B /* Security.framework in Frameworks */ = {isa = PBXBuildFile; fileRef = 06CD984019F95BB000CA138B /* Security.framework */; };
		06CD984319F95BBF00CA138B /* QuartzCore.framework in Frameworks */ = {isa = PBXBuildFile; fileRef = 06CD984219F95BBF00CA138B /* QuartzCore.framework */; };
		06CD984519F95BC800CA138B /* MobileCoreServices.framework in Frameworks */ = {isa = PBXBuildFile; fileRef = 06CD984419F95BC800CA138B /* MobileCoreServices.framework */; };
		06CD984719F95BD000CA138B /* CoreLocation.framework in Frameworks */ = {isa = PBXBuildFile; fileRef = 06CD984619F95BD000CA138B /* CoreLocation.framework */; };
		06CD984919F95BD900CA138B /* CFNetwork.framework in Frameworks */ = {isa = PBXBuildFile; fileRef = 06CD984819F95BD900CA138B /* CFNetwork.framework */; };
		06CD984B19F95BE300CA138B /* AudioToolbox.framework in Frameworks */ = {isa = PBXBuildFile; fileRef = 06CD984A19F95BE300CA138B /* AudioToolbox.framework */; };
		06CD984F19F95CBF00CA138B /* FacebookSDK.framework in Frameworks */ = {isa = PBXBuildFile; fileRef = 06CD984D19F95CBF00CA138B /* FacebookSDK.framework */; };
		06CD985019F95CBF00CA138B /* Parse.framework in Frameworks */ = {isa = PBXBuildFile; fileRef = 06CD984E19F95CBF00CA138B /* Parse.framework */; };
		06CD986219F95CFB00CA138B /* AppDelegate.m in Sources */ = {isa = PBXBuildFile; fileRef = 06CD985219F95CFB00CA138B /* AppDelegate.m */; };
		06CD986319F95CFB00CA138B /* CameraViewController.m in Sources */ = {isa = PBXBuildFile; fileRef = 06CD985419F95CFB00CA138B /* CameraViewController.m */; };
		06CD986419F95CFB00CA138B /* EditFriendsViewController.m in Sources */ = {isa = PBXBuildFile; fileRef = 06CD985619F95CFB00CA138B /* EditFriendsViewController.m */; };
		06CD986519F95CFB00CA138B /* FriendsViewController.m in Sources */ = {isa = PBXBuildFile; fileRef = 06CD985819F95CFB00CA138B /* FriendsViewController.m */; };
		06CD986619F95CFB00CA138B /* ImageViewController.m in Sources */ = {isa = PBXBuildFile; fileRef = 06CD985A19F95CFB00CA138B /* ImageViewController.m */; };
		06CD986719F95CFB00CA138B /* inboxViewController.m in Sources */ = {isa = PBXBuildFile; fileRef = 06CD985C19F95CFB00CA138B /* inboxViewController.m */; };
		06CD986819F95CFB00CA138B /* LoginViewController.m in Sources */ = {isa = PBXBuildFile; fileRef = 06CD985E19F95CFB00CA138B /* LoginViewController.m */; };
		06CD986919F95CFB00CA138B /* main.m in Sources */ = {isa = PBXBuildFile; fileRef = 06CD985F19F95CFB00CA138B /* main.m */; };
		06CD986A19F95CFB00CA138B /* SignUpViewController.m in Sources */ = {isa = PBXBuildFile; fileRef = 06CD986119F95CFB00CA138B /* SignUpViewController.m */; };
		06CD987319F95D6400CA138B /* FB-Login.png in Resources */ = {isa = PBXBuildFile; fileRef = 06CD986B19F95D6400CA138B /* FB-Login.png */; };
		06CD987419F95D6400CA138B /* friends.png in Resources */ = {isa = PBXBuildFile; fileRef = 06CD986C19F95D6400CA138B /* friends.png */; };
		06CD987519F95D6400CA138B /* friends@2x.png in Resources */ = {isa = PBXBuildFile; fileRef = 06CD986D19F95D6400CA138B /* friends@2x.png */; };
		06CD987619F95D6400CA138B /* icone.png in Resources */ = {isa = PBXBuildFile; fileRef = 06CD986E19F95D6400CA138B /* icone.png */; };
		06CD987719F95D6400CA138B /* inbox@2x.png in Resources */ = {isa = PBXBuildFile; fileRef = 06CD986F19F95D6400CA138B /* inbox@2x.png */; };
		06CD987819F95D6400CA138B /* list.png in Resources */ = {isa = PBXBuildFile; fileRef = 06CD987019F95D6400CA138B /* list.png */; };
		06CD987919F95D6400CA138B /* mail.png in Resources */ = {isa = PBXBuildFile; fileRef = 06CD987119F95D6400CA138B /* mail.png */; };
		06CD987A19F95D6400CA138B /* Main.storyboard in Resources */ = {isa = PBXBuildFile; fileRef = 06CD987219F95D6400CA138B /* Main.storyboard */; };
/* End PBXBuildFile section */

/* Begin PBXContainerItemProxy section */
		06CD97F819F9593400CA138B /* PBXContainerItemProxy */ = {
			isa = PBXContainerItemProxy;
			containerPortal = 06CD97CA19F9593300CA138B /* Project object */;
			proxyType = 1;
			remoteGlobalIDString = 06CD97D119F9593300CA138B;
			remoteInfo = SnapCream;
		};
/* End PBXContainerItemProxy section */

/* Begin PBXFileReference section */
		06CD97D219F9593300CA138B /* SnapCream.app */ = {isa = PBXFileReference; explicitFileType = wrapper.application; includeInIndex = 0; path = SnapCream.app; sourceTree = BUILT_PRODUCTS_DIR; };
		06CD97D519F9593300CA138B /* Foundation.framework */ = {isa = PBXFileReference; lastKnownFileType = wrapper.framework; name = Foundation.framework; path = System/Library/Frameworks/Foundation.framework; sourceTree = SDKROOT; };
		06CD97D719F9593300CA138B /* CoreGraphics.framework */ = {isa = PBXFileReference; lastKnownFileType = wrapper.framework; name = CoreGraphics.framework; path = System/Library/Frameworks/CoreGraphics.framework; sourceTree = SDKROOT; };
		06CD97D919F9593300CA138B /* UIKit.framework */ = {isa = PBXFileReference; lastKnownFileType = wrapper.framework; name = UIKit.framework; path = System/Library/Frameworks/UIKit.framework; sourceTree = SDKROOT; };
		06CD97DD19F9593300CA138B /* SnapCream-Info.plist */ = {isa = PBXFileReference; lastKnownFileType = text.plist.xml; path = "SnapCream-Info.plist"; sourceTree = "<group>"; };
		06CD97DF19F9593300CA138B /* en */ = {isa = PBXFileReference; lastKnownFileType = text.plist.strings; name = en; path = en.lproj/InfoPlist.strings; sourceTree = "<group>"; };
		06CD97E119F9593300CA138B /* main.m */ = {isa = PBXFileReference; lastKnownFileType = sourcecode.c.objc; path = main.m; sourceTree = "<group>"; };
		06CD97E319F9593300CA138B /* SnapCream-Prefix.pch */ = {isa = PBXFileReference; lastKnownFileType = sourcecode.c.h; path = "SnapCream-Prefix.pch"; sourceTree = "<group>"; };
		06CD97ED19F9593300CA138B /* Images.xcassets */ = {isa = PBXFileReference; lastKnownFileType = folder.assetcatalog; path = Images.xcassets; sourceTree = "<group>"; };
		06CD97F319F9593400CA138B /* SnapCreamTests.xctest */ = {isa = PBXFileReference; explicitFileType = wrapper.cfbundle; includeInIndex = 0; path = SnapCreamTests.xctest; sourceTree = BUILT_PRODUCTS_DIR; };
		06CD97F419F9593400CA138B /* XCTest.framework */ = {isa = PBXFileReference; lastKnownFileType = wrapper.framework; name = XCTest.framework; path = Library/Frameworks/XCTest.framework; sourceTree = DEVELOPER_DIR; };
		06CD97FC19F9593400CA138B /* SnapCreamTests-Info.plist */ = {isa = PBXFileReference; lastKnownFileType = text.plist.xml; path = "SnapCreamTests-Info.plist"; sourceTree = "<group>"; };
		06CD97FE19F9593400CA138B /* en */ = {isa = PBXFileReference; lastKnownFileType = text.plist.strings; name = en; path = en.lproj/InfoPlist.strings; sourceTree = "<group>"; };
		06CD980019F9593400CA138B /* SnapCreamTests.m */ = {isa = PBXFileReference; lastKnownFileType = sourcecode.c.objc; path = SnapCreamTests.m; sourceTree = "<group>"; };
		06CD982319F95AAE00CA138B /* camera2.png */ = {isa = PBXFileReference; lastKnownFileType = image.png; name = camera2.png; path = ../../app2/camera2.png; sourceTree = "<group>"; };
		06CD982819F95AAE00CA138B /* camera@2x.png */ = {isa = PBXFileReference; lastKnownFileType = image.png; name = "camera@2x.png"; path = "../../app2/camera@2x.png"; sourceTree = "<group>"; };
		06CD983C19F95B9200CA138B /* MediaPlayer.framework */ = {isa = PBXFileReference; lastKnownFileType = wrapper.framework; name = MediaPlayer.framework; path = System/Library/Frameworks/MediaPlayer.framework; sourceTree = SDKROOT; };
		06CD983E19F95B9E00CA138B /* SystemConfiguration.framework */ = {isa = PBXFileReference; lastKnownFileType = wrapper.framework; name = SystemConfiguration.framework; path = System/Library/Frameworks/SystemConfiguration.framework; sourceTree = SDKROOT; };
		06CD984019F95BB000CA138B /* Security.framework */ = {isa = PBXFileReference; lastKnownFileType = wrapper.framework; name = Security.framework; path = System/Library/Frameworks/Security.framework; sourceTree = SDKROOT; };
		06CD984219F95BBF00CA138B /* QuartzCore.framework */ = {isa = PBXFileReference; lastKnownFileType = wrapper.framework; name = QuartzCore.framework; path = System/Library/Frameworks/QuartzCore.framework; sourceTree = SDKROOT; };
		06CD984419F95BC800CA138B /* MobileCoreServices.framework */ = {isa = PBXFileReference; lastKnownFileType = wrapper.framework; name = MobileCoreServices.framework; path = System/Library/Frameworks/MobileCoreServices.framework; sourceTree = SDKROOT; };
		06CD984619F95BD000CA138B /* CoreLocation.framework */ = {isa = PBXFileReference; lastKnownFileType = wrapper.framework; name = CoreLocation.framework; path = System/Library/Frameworks/CoreLocation.framework; sourceTree = SDKROOT; };
		06CD984819F95BD900CA138B /* CFNetwork.framework */ = {isa = PBXFileReference; lastKnownFileType = wrapper.framework; name = CFNetwork.framework; path = System/Library/Frameworks/CFNetwork.framework; sourceTree = SDKROOT; };
		06CD984A19F95BE300CA138B /* AudioToolbox.framework */ = {isa = PBXFileReference; lastKnownFileType = wrapper.framework; name = AudioToolbox.framework; path = System/Library/Frameworks/AudioToolbox.framework; sourceTree = SDKROOT; };
		06CD984D19F95CBF00CA138B /* FacebookSDK.framework */ = {isa = PBXFileReference; lastKnownFileType = wrapper.framework; path = FacebookSDK.framework; sourceTree = "<group>"; };
		06CD984E19F95CBF00CA138B /* Parse.framework */ = {isa = PBXFileReference; lastKnownFileType = wrapper.framework; path = Parse.framework; sourceTree = "<group>"; };
		06CD985119F95CFB00CA138B /* AppDelegate.h */ = {isa = PBXFileReference; fileEncoding = 4; lastKnownFileType = sourcecode.c.h; path = AppDelegate.h; sourceTree = "<group>"; };
		06CD985219F95CFB00CA138B /* AppDelegate.m */ = {isa = PBXFileReference; fileEncoding = 4; lastKnownFileType = sourcecode.c.objc; path = AppDelegate.m; sourceTree = "<group>"; };
		06CD985319F95CFB00CA138B /* CameraViewController.h */ = {isa = PBXFileReference; fileEncoding = 4; lastKnownFileType = sourcecode.c.h; path = CameraViewController.h; sourceTree = "<group>"; };
		06CD985419F95CFB00CA138B /* CameraViewController.m */ = {isa = PBXFileReference; fileEncoding = 4; lastKnownFileType = sourcecode.c.objc; path = CameraViewController.m; sourceTree = "<group>"; };
		06CD985519F95CFB00CA138B /* EditFriendsViewController.h */ = {isa = PBXFileReference; fileEncoding = 4; lastKnownFileType = sourcecode.c.h; path = EditFriendsViewController.h; sourceTree = "<group>"; };
		06CD985619F95CFB00CA138B /* EditFriendsViewController.m */ = {isa = PBXFileReference; fileEncoding = 4; lastKnownFileType = sourcecode.c.objc; path = EditFriendsViewController.m; sourceTree = "<group>"; };
		06CD985719F95CFB00CA138B /* FriendsViewController.h */ = {isa = PBXFileReference; fileEncoding = 4; lastKnownFileType = sourcecode.c.h; path = FriendsViewController.h; sourceTree = "<group>"; };
		06CD985819F95CFB00CA138B /* FriendsViewController.m */ = {isa = PBXFileReference; fileEncoding = 4; lastKnownFileType = sourcecode.c.objc; path = FriendsViewController.m; sourceTree = "<group>"; };
		06CD985919F95CFB00CA138B /* ImageViewController.h */ = {isa = PBXFileReference; fileEncoding = 4; lastKnownFileType = sourcecode.c.h; path = ImageViewController.h; sourceTree = "<group>"; };
		06CD985A19F95CFB00CA138B /* ImageViewController.m */ = {isa = PBXFileReference; fileEncoding = 4; lastKnownFileType = sourcecode.c.objc; path = ImageViewController.m; sourceTree = "<group>"; };
		06CD985B19F95CFB00CA138B /* inboxViewController.h */ = {isa = PBXFileReference; fileEncoding = 4; lastKnownFileType = sourcecode.c.h; path = inboxViewController.h; sourceTree = "<group>"; };
		06CD985C19F95CFB00CA138B /* inboxViewController.m */ = {isa = PBXFileReference; fileEncoding = 4; lastKnownFileType = sourcecode.c.objc; path = inboxViewController.m; sourceTree = "<group>"; };
		06CD985D19F95CFB00CA138B /* LoginViewController.h */ = {isa = PBXFileReference; fileEncoding = 4; lastKnownFileType = sourcecode.c.h; path = LoginViewController.h; sourceTree = "<group>"; };
		06CD985E19F95CFB00CA138B /* LoginViewController.m */ = {isa = PBXFileReference; fileEncoding = 4; lastKnownFileType = sourcecode.c.objc; path = LoginViewController.m; sourceTree = "<group>"; };
		06CD985F19F95CFB00CA138B /* main.m */ = {isa = PBXFileReference; fileEncoding = 4; lastKnownFileType = sourcecode.c.objc; path = main.m; sourceTree = "<group>"; };
		06CD986019F95CFB00CA138B /* SignUpViewController.h */ = {isa = PBXFileReference; fileEncoding = 4; lastKnownFileType = sourcecode.c.h; path = SignUpViewController.h; sourceTree = "<group>"; };
		06CD986119F95CFB00CA138B /* SignUpViewController.m */ = {isa = PBXFileReference; fileEncoding = 4; lastKnownFileType = sourcecode.c.objc; path = SignUpViewController.m; sourceTree = "<group>"; };
		06CD986B19F95D6400CA138B /* FB-Login.png */ = {isa = PBXFileReference; lastKnownFileType = image.png; name = "FB-Login.png"; path = "../FB-Login.png"; sourceTree = "<group>"; };
		06CD986C19F95D6400CA138B /* friends.png */ = {isa = PBXFileReference; lastKnownFileType = image.png; name = friends.png; path = ../friends.png; sourceTree = "<group>"; };
		06CD986D19F95D6400CA138B /* friends@2x.png */ = {isa = PBXFileReference; lastKnownFileType = image.png; name = "friends@2x.png"; path = "../friends@2x.png"; sourceTree = "<group>"; };
		06CD986E19F95D6400CA138B /* icone.png */ = {isa = PBXFileReference; lastKnownFileType = image.png; name = icone.png; path = ../icone.png; sourceTree = "<group>"; };
		06CD986F19F95D6400CA138B /* inbox@2x.png */ = {isa = PBXFileReference; lastKnownFileType = image.png; name = "inbox@2x.png"; path = "../inbox@2x.png"; sourceTree = "<group>"; };
		06CD987019F95D6400CA138B /* list.png */ = {isa = PBXFileReference; lastKnownFileType = image.png; name = list.png; path = ../list.png; sourceTree = "<group>"; };
		06CD987119F95D6400CA138B /* mail.png */ = {isa = PBXFileReference; lastKnownFileType = image.png; name = mail.png; path = ../mail.png; sourceTree = "<group>"; };
		06CD987219F95D6400CA138B /* Main.storyboard */ = {isa = PBXFileReference; fileEncoding = 4; lastKnownFileType = file.storyboard; name = Main.storyboard; path = ../Main.storyboard; sourceTree = "<group>"; };
/* End PBXFileReference section */

/* Begin PBXFrameworksBuildPhase section */
		06CD97CF19F9593300CA138B /* Frameworks */ = {
			isa = PBXFrameworksBuildPhase;
			buildActionMask = 2147483647;
			files = (
				06CD97DA19F9593300CA138B /* UIKit.framework in Frameworks */,
				06CD97D819F9593300CA138B /* CoreGraphics.framework in Frameworks */,
				06CD97D619F9593300CA138B /* Foundation.framework in Frameworks */,
				06CD984B19F95BE300CA138B /* AudioToolbox.framework in Frameworks */,
				06CD984919F95BD900CA138B /* CFNetwork.framework in Frameworks */,
				06CD984719F95BD000CA138B /* CoreLocation.framework in Frameworks */,
				06CD984519F95BC800CA138B /* MobileCoreServices.framework in Frameworks */,
				06CD984F19F95CBF00CA138B /* FacebookSDK.framework in Frameworks */,
				06CD984319F95BBF00CA138B /* QuartzCore.framework in Frameworks */,
				06CD985019F95CBF00CA138B /* Parse.framework in Frameworks */,
				06CD984119F95BB000CA138B /* Security.framework in Frameworks */,
				06CD983F19F95B9E00CA138B /* SystemConfiguration.framework in Frameworks */,
				06CD983D19F95B9200CA138B /* MediaPlayer.framework in Frameworks */,
			);
			runOnlyForDeploymentPostprocessing = 0;
		};
		06CD97F019F9593300CA138B /* Frameworks */ = {
			isa = PBXFrameworksBuildPhase;
			buildActionMask = 2147483647;
			files = (
				06CD97F519F9593400CA138B /* XCTest.framework in Frameworks */,
				06CD97F719F9593400CA138B /* UIKit.framework in Frameworks */,
				06CD97F619F9593400CA138B /* Foundation.framework in Frameworks */,
			);
			runOnlyForDeploymentPostprocessing = 0;
		};
/* End PBXFrameworksBuildPhase section */

/* Begin PBXGroup section */
		06CD97C919F9593300CA138B = {
			isa = PBXGroup;
			children = (
				06CD985119F95CFB00CA138B /* AppDelegate.h */,
				06CD985219F95CFB00CA138B /* AppDelegate.m */,
				06CD985319F95CFB00CA138B /* CameraViewController.h */,
				06CD985419F95CFB00CA138B /* CameraViewController.m */,
				06CD985519F95CFB00CA138B /* EditFriendsViewController.h */,
				06CD985619F95CFB00CA138B /* EditFriendsViewController.m */,
				06CD985719F95CFB00CA138B /* FriendsViewController.h */,
				06CD985819F95CFB00CA138B /* FriendsViewController.m */,
				06CD985919F95CFB00CA138B /* ImageViewController.h */,
				06CD985A19F95CFB00CA138B /* ImageViewController.m */,
				06CD985B19F95CFB00CA138B /* inboxViewController.h */,
				06CD985C19F95CFB00CA138B /* inboxViewController.m */,
				06CD985D19F95CFB00CA138B /* LoginViewController.h */,
				06CD985E19F95CFB00CA138B /* LoginViewController.m */,
				06CD985F19F95CFB00CA138B /* main.m */,
				06CD986019F95CFB00CA138B /* SignUpViewController.h */,
				06CD986119F95CFB00CA138B /* SignUpViewController.m */,
				06CD97DB19F9593300CA138B /* SnapCream */,
				06CD97FA19F9593400CA138B /* SnapCreamTests */,
				06CD97D419F9593300CA138B /* Frameworks */,
				06CD97D319F9593300CA138B /* Products */,
			);
			sourceTree = "<group>";
		};
		06CD97D319F9593300CA138B /* Products */ = {
			isa = PBXGroup;
			children = (
				06CD97D219F9593300CA138B /* SnapCream.app */,
				06CD97F319F9593400CA138B /* SnapCreamTests.xctest */,
			);
			name = Products;
			sourceTree = "<group>";
		};
		06CD97D419F9593300CA138B /* Frameworks */ = {
			isa = PBXGroup;
			children = (
				06CD984D19F95CBF00CA138B /* FacebookSDK.framework */,
				06CD984E19F95CBF00CA138B /* Parse.framework */,
				06CD984A19F95BE300CA138B /* AudioToolbox.framework */,
				06CD984819F95BD900CA138B /* CFNetwork.framework */,
				06CD984619F95BD000CA138B /* CoreLocation.framework */,
				06CD984419F95BC800CA138B /* MobileCoreServices.framework */,
				06CD984219F95BBF00CA138B /* QuartzCore.framework */,
				06CD984019F95BB000CA138B /* Security.framework */,
				06CD983E19F95B9E00CA138B /* SystemConfiguration.framework */,
				06CD983C19F95B9200CA138B /* MediaPlayer.framework */,
				06CD97D519F9593300CA138B /* Foundation.framework */,
				06CD97D719F9593300CA138B /* CoreGraphics.framework */,
				06CD97D919F9593300CA138B /* UIKit.framework */,
				06CD97F419F9593400CA138B /* XCTest.framework */,
			);
			name = Frameworks;
			sourceTree = "<group>";
		};
		06CD97DB19F9593300CA138B /* SnapCream */ = {
			isa = PBXGroup;
			children = (
				06CD982219F95A4C00CA138B /* images */,
				06CD97ED19F9593300CA138B /* Images.xcassets */,
				06CD97DC19F9593300CA138B /* Supporting Files */,
			);
			path = SnapCream;
			sourceTree = "<group>";
		};
		06CD97DC19F9593300CA138B /* Supporting Files */ = {
			isa = PBXGroup;
			children = (
				06CD97DD19F9593300CA138B /* SnapCream-Info.plist */,
				06CD97DE19F9593300CA138B /* InfoPlist.strings */,
				06CD97E119F9593300CA138B /* main.m */,
				06CD97E319F9593300CA138B /* SnapCream-Prefix.pch */,
			);
			name = "Supporting Files";
			sourceTree = "<group>";
		};
		06CD97FA19F9593400CA138B /* SnapCreamTests */ = {
			isa = PBXGroup;
			children = (
				06CD980019F9593400CA138B /* SnapCreamTests.m */,
				06CD97FB19F9593400CA138B /* Supporting Files */,
			);
			path = SnapCreamTests;
			sourceTree = "<group>";
		};
		06CD97FB19F9593400CA138B /* Supporting Files */ = {
			isa = PBXGroup;
			children = (
				06CD97FC19F9593400CA138B /* SnapCreamTests-Info.plist */,
				06CD97FD19F9593400CA138B /* InfoPlist.strings */,
			);
			name = "Supporting Files";
			sourceTree = "<group>";
		};
		06CD982219F95A4C00CA138B /* images */ = {
			isa = PBXGroup;
			children = (
				06CD986B19F95D6400CA138B /* FB-Login.png */,
				06CD986C19F95D6400CA138B /* friends.png */,
				06CD986D19F95D6400CA138B /* friends@2x.png */,
				06CD986E19F95D6400CA138B /* icone.png */,
				06CD986F19F95D6400CA138B /* inbox@2x.png */,
				06CD987019F95D6400CA138B /* list.png */,
				06CD987119F95D6400CA138B /* mail.png */,
				06CD987219F95D6400CA138B /* Main.storyboard */,
				06CD982319F95AAE00CA138B /* camera2.png */,
				06CD982819F95AAE00CA138B /* camera@2x.png */,
			);
			name = images;
			sourceTree = "<group>";
		};
/* End PBXGroup section */

/* Begin PBXNativeTarget section */
		06CD97D119F9593300CA138B /* SnapCream */ = {
			isa = PBXNativeTarget;
			buildConfigurationList = 06CD980419F9593400CA138B /* Build configuration list for PBXNativeTarget "SnapCream" */;
			buildPhases = (
				06CD97CE19F9593300CA138B /* Sources */,
				06CD97CF19F9593300CA138B /* Frameworks */,
				06CD97D019F9593300CA138B /* Resources */,
			);
			buildRules = (
			);
			dependencies = (
			);
			name = SnapCream;
			productName = SnapCream;
			productReference = 06CD97D219F9593300CA138B /* SnapCream.app */;
			productType = "com.apple.product-type.application";
		};
		06CD97F219F9593300CA138B /* SnapCreamTests */ = {
			isa = PBXNativeTarget;
			buildConfigurationList = 06CD980719F9593400CA138B /* Build configuration list for PBXNativeTarget "SnapCreamTests" */;
			buildPhases = (
				06CD97EF19F9593300CA138B /* Sources */,
				06CD97F019F9593300CA138B /* Frameworks */,
				06CD97F119F9593300CA138B /* Resources */,
			);
			buildRules = (
			);
			dependencies = (
				06CD97F919F9593400CA138B /* PBXTargetDependency */,
			);
			name = SnapCreamTests;
			productName = SnapCreamTests;
			productReference = 06CD97F319F9593400CA138B /* SnapCreamTests.xctest */;
			productType = "com.apple.product-type.bundle.unit-test";
		};
/* End PBXNativeTarget section */

/* Begin PBXProject section */
		06CD97CA19F9593300CA138B /* Project object */ = {
			isa = PBXProject;
			attributes = {
				LastUpgradeCheck = 0510;
				ORGANIZATIONNAME = maila;
				TargetAttributes = {
					06CD97F219F9593300CA138B = {
						TestTargetID = 06CD97D119F9593300CA138B;
					};
				};
			};
			buildConfigurationList = 06CD97CD19F9593300CA138B /* Build configuration list for PBXProject "SnapCream" */;
			compatibilityVersion = "Xcode 3.2";
			developmentRegion = English;
			hasScannedForEncodings = 0;
			knownRegions = (
				en,
				Base,
			);
			mainGroup = 06CD97C919F9593300CA138B;
			productRefGroup = 06CD97D319F9593300CA138B /* Products */;
			projectDirPath = "";
			projectRoot = "";
			targets = (
				06CD97D119F9593300CA138B /* SnapCream */,
				06CD97F219F9593300CA138B /* SnapCreamTests */,
			);
		};
/* End PBXProject section */

/* Begin PBXResourcesBuildPhase section */
		06CD97D019F9593300CA138B /* Resources */ = {
			isa = PBXResourcesBuildPhase;
			buildActionMask = 2147483647;
			files = (
				06CD987719F95D6400CA138B /* inbox@2x.png in Resources */,
				06CD97EE19F9593300CA138B /* Images.xcassets in Resources */,
				06CD983119F95AAE00CA138B /* camera@2x.png in Resources */,
				06CD987519F95D6400CA138B /* friends@2x.png in Resources */,
				06CD987419F95D6400CA138B /* friends.png in Resources */,
				06CD982C19F95AAE00CA138B /* camera2.png in Resources */,
				06CD987A19F95D6400CA138B /* Main.storyboard in Resources */,
				06CD987819F95D6400CA138B /* list.png in Resources */,
				06CD987919F95D6400CA138B /* mail.png in Resources */,
				06CD987619F95D6400CA138B /* icone.png in Resources */,
				06CD97E019F9593300CA138B /* InfoPlist.strings in Resources */,
				06CD987319F95D6400CA138B /* FB-Login.png in Resources */,
			);
			runOnlyForDeploymentPostprocessing = 0;
		};
		06CD97F119F9593300CA138B /* Resources */ = {
			isa = PBXResourcesBuildPhase;
			buildActionMask = 2147483647;
			files = (
				06CD97FF19F9593400CA138B /* InfoPlist.strings in Resources */,
			);
			runOnlyForDeploymentPostprocessing = 0;
		};
/* End PBXResourcesBuildPhase section */

/* Begin PBXSourcesBuildPhase section */
		06CD97CE19F9593300CA138B /* Sources */ = {
			isa = PBXSourcesBuildPhase;
			buildActionMask = 2147483647;
			files = (
				06CD986819F95CFB00CA138B /* LoginViewController.m in Sources */,
				06CD986719F95CFB00CA138B /* inboxViewController.m in Sources */,
				06CD986619F95CFB00CA138B /* ImageViewController.m in Sources */,
				06CD986519F95CFB00CA138B /* FriendsViewController.m in Sources */,
				06CD986319F95CFB00CA138B /* CameraViewController.m in Sources */,
				06CD986219F95CFB00CA138B /* AppDelegate.m in Sources */,
				06CD986A19F95CFB00CA138B /* SignUpViewController.m in Sources */,
				06CD986419F95CFB00CA138B /* EditFriendsViewController.m in Sources */,
				06CD986919F95CFB00CA138B /* main.m in Sources */,
			);
			runOnlyForDeploymentPostprocessing = 0;
		};
		06CD97EF19F9593300CA138B /* Sources */ = {
			isa = PBXSourcesBuildPhase;
			buildActionMask = 2147483647;
			files = (
				06CD980119F9593400CA138B /* SnapCreamTests.m in Sources */,
			);
			runOnlyForDeploymentPostprocessing = 0;
		};
/* End PBXSourcesBuildPhase section */

/* Begin PBXTargetDependency section */
		06CD97F919F9593400CA138B /* PBXTargetDependency */ = {
			isa = PBXTargetDependency;
			target = 06CD97D119F9593300CA138B /* SnapCream */;
			targetProxy = 06CD97F819F9593400CA138B /* PBXContainerItemProxy */;
		};
/* End PBXTargetDependency section */

/* Begin PBXVariantGroup section */
		06CD97DE19F9593300CA138B /* InfoPlist.strings */ = {
			isa = PBXVariantGroup;
			children = (
				06CD97DF19F9593300CA138B /* en */,
			);
			name = InfoPlist.strings;
			sourceTree = "<group>";
		};
		06CD97FD19F9593400CA138B /* InfoPlist.strings */ = {
			isa = PBXVariantGroup;
			children = (
				06CD97FE19F9593400CA138B /* en */,
			);
			name = InfoPlist.strings;
			sourceTree = "<group>";
		};
/* End PBXVariantGroup section */

/* Begin XCBuildConfiguration section */
		06CD980219F9593400CA138B /* Debug */ = {
			isa = XCBuildConfiguration;
			buildSettings = {
				ALWAYS_SEARCH_USER_PATHS = NO;
				CLANG_CXX_LANGUAGE_STANDARD = "gnu++0x";
				CLANG_CXX_LIBRARY = "libc++";
				CLANG_ENABLE_MODULES = YES;
				CLANG_ENABLE_OBJC_ARC = YES;
				CLANG_WARN_BOOL_CONVERSION = YES;
				CLANG_WARN_CONSTANT_CONVERSION = YES;
				CLANG_WARN_DIRECT_OBJC_ISA_USAGE = YES_ERROR;
				CLANG_WARN_EMPTY_BODY = YES;
				CLANG_WARN_ENUM_CONVERSION = YES;
				CLANG_WARN_INT_CONVERSION = YES;
				CLANG_WARN_OBJC_ROOT_CLASS = YES_ERROR;
				CLANG_WARN__DUPLICATE_METHOD_MATCH = YES;
				"CODE_SIGN_IDENTITY[sdk=iphoneos*]" = "iPhone Developer";
				COPY_PHASE_STRIP = NO;
				GCC_C_LANGUAGE_STANDARD = gnu99;
				GCC_DYNAMIC_NO_PIC = NO;
				GCC_OPTIMIZATION_LEVEL = 0;
				GCC_PREPROCESSOR_DEFINITIONS = (
					"DEBUG=1",
					"$(inherited)",
				);
				GCC_SYMBOLS_PRIVATE_EXTERN = NO;
				GCC_WARN_64_TO_32_BIT_CONVERSION = YES;
				GCC_WARN_ABOUT_RETURN_TYPE = YES_ERROR;
				GCC_WARN_UNDECLARED_SELECTOR = YES;
				GCC_WARN_UNINITIALIZED_AUTOS = YES_AGGRESSIVE;
				GCC_WARN_UNUSED_FUNCTION = YES;
				GCC_WARN_UNUSED_VARIABLE = YES;
				IPHONEOS_DEPLOYMENT_TARGET = 7.1;
				ONLY_ACTIVE_ARCH = YES;
				SDKROOT = iphoneos;
			};
			name = Debug;
		};
		06CD980319F9593400CA138B /* Release */ = {
			isa = XCBuildConfiguration;
			buildSettings = {
				ALWAYS_SEARCH_USER_PATHS = NO;
				CLANG_CXX_LANGUAGE_STANDARD = "gnu++0x";
				CLANG_CXX_LIBRARY = "libc++";
				CLANG_ENABLE_MODULES = YES;
				CLANG_ENABLE_OBJC_ARC = YES;
				CLANG_WARN_BOOL_CONVERSION = YES;
				CLANG_WARN_CONSTANT_CONVERSION = YES;
				CLANG_WARN_DIRECT_OBJC_ISA_USAGE = YES_ERROR;
				CLANG_WARN_EMPTY_BODY = YES;
				CLANG_WARN_ENUM_CONVERSION = YES;
				CLANG_WARN_INT_CONVERSION = YES;
				CLANG_WARN_OBJC_ROOT_CLASS = YES_ERROR;
				CLANG_WARN__DUPLICATE_METHOD_MATCH = YES;
				"CODE_SIGN_IDENTITY[sdk=iphoneos*]" = "iPhone Developer";
				COPY_PHASE_STRIP = YES;
				ENABLE_NS_ASSERTIONS = NO;
				GCC_C_LANGUAGE_STANDARD = gnu99;
				GCC_WARN_64_TO_32_BIT_CONVERSION = YES;
				GCC_WARN_ABOUT_RETURN_TYPE = YES_ERROR;
				GCC_WARN_UNDECLARED_SELECTOR = YES;
				GCC_WARN_UNINITIALIZED_AUTOS = YES_AGGRESSIVE;
				GCC_WARN_UNUSED_FUNCTION = YES;
				GCC_WARN_UNUSED_VARIABLE = YES;
				IPHONEOS_DEPLOYMENT_TARGET = 7.1;
				SDKROOT = iphoneos;
				VALIDATE_PRODUCT = YES;
			};
			name = Release;
		};
		06CD980519F9593400CA138B /* Debug */ = {
			isa = XCBuildConfiguration;
			buildSettings = {
				ASSETCATALOG_COMPILER_APPICON_NAME = AppIcon;
				ASSETCATALOG_COMPILER_LAUNCHIMAGE_NAME = LaunchImage;
				FRAMEWORK_SEARCH_PATHS = (
					"$(inherited)",
					/Users/mailamanzur/Documents/Portifolio/app2,
					"$(DEVELOPER_FRAMEWORKS_DIR)",
					"$(PROJECT_DIR)",
				);
				GCC_PRECOMPILE_PREFIX_HEADER = YES;
				GCC_PREFIX_HEADER = "SnapCream/SnapCream-Prefix.pch";
				INFOPLIST_FILE = "SnapCream/SnapCream-Info.plist";
				PRODUCT_NAME = "$(TARGET_NAME)";
				WRAPPER_EXTENSION = app;
			};
			name = Debug;
		};
		06CD980619F9593400CA138B /* Release */ = {
			isa = XCBuildConfiguration;
			buildSettings = {
				ASSETCATALOG_COMPILER_APPICON_NAME = AppIcon;
				ASSETCATALOG_COMPILER_LAUNCHIMAGE_NAME = LaunchImage;
				FRAMEWORK_SEARCH_PATHS = (
					"$(inherited)",
					/Users/mailamanzur/Documents/Portifolio/app2,
					"$(DEVELOPER_FRAMEWORKS_DIR)",
					"$(PROJECT_DIR)",
				);
				GCC_PRECOMPILE_PREFIX_HEADER = YES;
				GCC_PREFIX_HEADER = "SnapCream/SnapCream-Prefix.pch";
				INFOPLIST_FILE = "SnapCream/SnapCream-Info.plist";
				PRODUCT_NAME = "$(TARGET_NAME)";
				WRAPPER_EXTENSION = app;
			};
			name = Release;
		};
		06CD980819F9593400CA138B /* Debug */ = {
			isa = XCBuildConfiguration;
			buildSettings = {
				BUNDLE_LOADER = "$(BUILT_PRODUCTS_DIR)/SnapCream.app/SnapCream";
				FRAMEWORK_SEARCH_PATHS = (
					"$(SDKROOT)/Developer/Library/Frameworks",
					"$(inherited)",
					"$(DEVELOPER_FRAMEWORKS_DIR)",
				);
				GCC_PRECOMPILE_PREFIX_HEADER = YES;
				GCC_PREFIX_HEADER = "SnapCream/SnapCream-Prefix.pch";
				GCC_PREPROCESSOR_DEFINITIONS = (
					"DEBUG=1",
					"$(inherited)",
				);
				INFOPLIST_FILE = "SnapCreamTests/SnapCreamTests-Info.plist";
				PRODUCT_NAME = "$(TARGET_NAME)";
				TEST_HOST = "$(BUNDLE_LOADER)";
				WRAPPER_EXTENSION = xctest;
			};
			name = Debug;
		};
		06CD980919F9593400CA138B /* Release */ = {
			isa = XCBuildConfiguration;
			buildSettings = {
				BUNDLE_LOADER = "$(BUILT_PRODUCTS_DIR)/SnapCream.app/SnapCream";
				FRAMEWORK_SEARCH_PATHS = (
					"$(SDKROOT)/Developer/Library/Frameworks",
					"$(inherited)",
					"$(DEVELOPER_FRAMEWORKS_DIR)",
				);
				GCC_PRECOMPILE_PREFIX_HEADER = YES;
				GCC_PREFIX_HEADER = "SnapCream/SnapCream-Prefix.pch";
				INFOPLIST_FILE = "SnapCreamTests/SnapCreamTests-Info.plist";
				PRODUCT_NAME = "$(TARGET_NAME)";
				TEST_HOST = "$(BUNDLE_LOADER)";
				WRAPPER_EXTENSION = xctest;
			};
			name = Release;
		};
/* End XCBuildConfiguration section */

/* Begin XCConfigurationList section */
		06CD97CD19F9593300CA138B /* Build configuration list for PBXProject "SnapCream" */ = {
			isa = XCConfigurationList;
			buildConfigurations = (
				06CD980219F9593400CA138B /* Debug */,
				06CD980319F9593400CA138B /* Release */,
			);
			defaultConfigurationIsVisible = 0;
			defaultConfigurationName = Release;
		};
		06CD980419F9593400CA138B /* Build configuration list for PBXNativeTarget "SnapCream" */ = {
			isa = XCConfigurationList;
			buildConfigurations = (
				06CD980519F9593400CA138B /* Debug */,
				06CD980619F9593400CA138B /* Release */,
			);
			defaultConfigurationIsVisible = 0;
		};
		06CD980719F9593400CA138B /* Build configuration list for PBXNativeTarget "SnapCreamTests" */ = {
			isa = XCConfigurationList;
			buildConfigurations = (
				06CD980819F9593400CA138B /* Debug */,
				06CD980919F9593400CA138B /* Release */,
			);
			defaultConfigurationIsVisible = 0;
		};
/* End XCConfigurationList section */
	};
	rootObject = 06CD97CA19F9593300CA138B /* Project object */;
}
